
Microsoft Visual Studio Solution File, Format Version 12.00
# Visual Studio Version 16
VisualStudioVersion = 16.0.30907.101
MinimumVisualStudioVersion = 10.0.40219.1
Project("{FAE04EC0-301F-11D3-BF4B-00C04F79EFBC}") = "DataAccess", "DataAccess\DataAccess.csproj", "{5DE43CC9-FEF9-43DD-BD9F-528B707B2F5C}"
EndProject
Project("{FAE04EC0-301F-11D3-BF4B-00C04F79EFBC}") = "Business", "Business\Business.csproj", "{876CD1F1-EE5B-40AB-87F5-77575BF81808}"
EndProject
Project("{FAE04EC0-301F-11D3-BF4B-00C04F79EFBC}") = "Entities", "Entities\Entities.csproj", "{29B6DF5A-5CB8-49DD-8D95-31770C23143B}"
EndProject
Project("{FAE04EC0-301F-11D3-BF4B-00C04F79EFBC}") = "ConsoleUI", "ConsoleUI\ConsoleUI.csproj", "{7CB621A6-70E8-40CA-A296-0F481BD68247}"
EndProject
Global
	GlobalSection(SolutionConfigurationPlatforms) = preSolution
		Debug|Any CPU = Debug|Any CPU
		Release|Any CPU = Release|Any CPU
	EndGlobalSection
	GlobalSection(ProjectConfigurationPlatforms) = postSolution
		{5DE43CC9-FEF9-43DD-BD9F-528B707B2F5C}.Debug|Any CPU.ActiveCfg = Debug|Any CPU
		{5DE43CC9-FEF9-43DD-BD9F-528B707B2F5C}.Debug|Any CPU.Build.0 = Debug|Any CPU
		{5DE43CC9-FEF9-43DD-BD9F-528B707B2F5C}.Release|Any CPU.ActiveCfg = Release|Any CPU
		{5DE43CC9-FEF9-43DD-BD9F-528B707B2F5C}.Release|Any CPU.Build.0 = Release|Any CPU
		{876CD1F1-EE5B-40AB-87F5-77575BF81808}.Debug|Any CPU.ActiveCfg = Debug|Any CPU
		{876CD1F1-EE5B-40AB-87F5-77575BF81808}.Debug|Any CPU.Build.0 = Debug|Any CPU
		{876CD1F1-EE5B-40AB-87F5-77575BF81808}.Release|Any CPU.ActiveCfg = Release|Any CPU
		{876CD1F1-EE5B-40AB-87F5-77575BF81808}.Release|Any CPU.Build.0 = Release|Any CPU
		{29B6DF5A-5CB8-49DD-8D95-31770C23143B}.Debug|Any CPU.ActiveCfg = Debug|Any CPU
		{29B6DF5A-5CB8-49DD-8D95-31770C23143B}.Debug|Any CPU.Build.0 = Debug|Any CPU
		{29B6DF5A-5CB8-49DD-8D95-31770C23143B}.Release|Any CPU.ActiveCfg = Release|Any CPU
		{29B6DF5A-5CB8-49DD-8D95-31770C23143B}.Release|Any CPU.Build.0 = Release|Any CPU
		{7CB621A6-70E8-40CA-A296-0F481BD68247}.Debug|Any CPU.ActiveCfg = Debug|Any CPU
		{7CB621A6-70E8-40CA-A296-0F481BD68247}.Debug|Any CPU.Build.0 = Debug|Any CPU
		{7CB621A6-70E8-40CA-A296-0F481BD68247}.Release|Any CPU.ActiveCfg = Release|Any CPU
		{7CB621A6-70E8-40CA-A296-0F481BD68247}.Release|Any CPU.Build.0 = Release|Any CPU
	EndGlobalSection
	GlobalSection(SolutionProperties) = preSolution
		HideSolutionNode = FALSE
	EndGlobalSection
	GlobalSection(ExtensibilityGlobals) = postSolution
		SolutionGuid = {941268F3-A9BF-4171-B698-2308D3CBA3CE}
	EndGlobalSection
EndGlobal
